<?xml version="1.0" encoding="utf-8"?>
<Project ToolsVersion="4.0" xmlns="http://schemas.microsoft.com/developer/msbuild/2003">
  <ItemGroup>
    <Filter Include="源文件">
      <UniqueIdentifier>{4FC737F1-C7A5-4376-A066-2A32D752A2FF}</UniqueIdentifier>
      <Extensions>cpp;c;cc;cxx;c++;cppm;ixx;def;odl;idl;hpj;bat;asm;asmx</Extensions>
    </Filter>
    <Filter Include="头文件">
      <UniqueIdentifier>{93995380-89BD-4b04-88EB-625FBE52EBFB}</UniqueIdentifier>
      <Extensions>h;hh;hpp;hxx;h++;hm;inl;inc;ipp;xsd</Extensions>
    </Filter>
    <Filter Include="资源文件">
      <UniqueIdentifier>{67DA6AB6-F800-4c08-8B7A-83BB121AAD01}</UniqueIdentifier>
      <Extensions>rc;ico;cur;bmp;dlg;rc2;rct;bin;rgs;gif;jpg;jpeg;jpe;resx;tiff;tif;png;wav;mfcribbon-ms</Extensions>
    </Filter>
    <Filter Include="ue4math">
      <UniqueIdentifier>{1ba6ae62-2d40-42ec-9cb4-8f2df3352885}</UniqueIdentifier>
    </Filter>
    <Filter Include="Memory">
      <UniqueIdentifier>{ca85148b-0a65-40a4-be74-c2c2ff1e0439}</UniqueIdentifier>
    </Filter>
    <Filter Include="Utils">
      <UniqueIdentifier>{a346c9ce-f93a-407b-b135-6d3c7cf06b3e}</UniqueIdentifier>
    </Filter>
    <Filter Include="DX11">
      <UniqueIdentifier>{48f44e5c-eb7f-451b-b959-b954925b12cf}</UniqueIdentifier>
    </Filter>
    <Filter Include="ImGui">
      <UniqueIdentifier>{5c0a4f40-79f3-4a2e-bf25-68710b126491}</UniqueIdentifier>
    </Filter>
    <Filter Include="sources">
      <UniqueIdentifier>{b9077197-6cb5-404e-a4bf-0822b1b82143}</UniqueIdentifier>
    </Filter>
    <Filter Include="AimBot">
      <UniqueIdentifier>{8e1779ea-a4f8-4e6f-a682-c87acc6f85b1}</UniqueIdentifier>
    </Filter>
    <Filter Include="Memory\Menu">
      <UniqueIdentifier>{500b36af-7f70-4399-880a-1003952205c6}</UniqueIdentifier>
    </Filter>
    <Filter Include="HTTP">
      <UniqueIdentifier>{9fd69619-ef1f-4fa8-a48c-98e0dfcb1931}</UniqueIdentifier>
    </Filter>
  </ItemGroup>
  <ItemGroup>
    <ClCompile Include="ue4math\transform.cpp">
      <Filter>ue4math</Filter>
    </ClCompile>
    <ClCompile Include="ue4math\vector.cpp">
      <Filter>ue4math</Filter>
    </ClCompile>
    <ClCompile Include="ue4math\matrix.cpp">
      <Filter>ue4math</Filter>
    </ClCompile>
    <ClCompile Include="ue4math\quat.cpp">
      <Filter>ue4math</Filter>
    </ClCompile>
    <ClCompile Include="ue4math\rotator.cpp">
      <Filter>ue4math</Filter>
    </ClCompile>
    <ClCompile Include="Memory\Memory.cpp">
      <Filter>Memory</Filter>
    </ClCompile>
    <ClCompile Include="Utils\VectorHelper.cpp">
      <Filter>Utils</Filter>
    </ClCompile>
    <ClCompile Include="imgui_draw.cpp">
      <Filter>ImGui</Filter>
    </ClCompile>
    <ClCompile Include="imgui_edited.cpp">
      <Filter>ImGui</Filter>
    </ClCompile>
    <ClCompile Include="imgui_freetype.cpp">
      <Filter>ImGui</Filter>
    </ClCompile>
    <ClCompile Include="imgui_tables.cpp">
      <Filter>ImGui</Filter>
    </ClCompile>
    <ClCompile Include="imgui_widgets.cpp">
      <Filter>ImGui</Filter>
    </ClCompile>
    <ClCompile Include="imgui.cpp">
      <Filter>ImGui</Filter>
    </ClCompile>
    <ClCompile Include="backends\imgui_impl_dx11.cpp">
      <Filter>sources</Filter>
    </ClCompile>
    <ClCompile Include="backends\imgui_impl_win32.cpp">
      <Filter>sources</Filter>
    </ClCompile>
    <ClCompile Include="Engine.cpp">
      <Filter>源文件</Filter>
    </ClCompile>
    <ClCompile Include="MainThread.cpp">
      <Filter>源文件</Filter>
    </ClCompile>
    <ClCompile Include="Dx11\Texture.cpp">
      <Filter>DX11</Filter>
    </ClCompile>
    <ClCompile Include="AimBot\AimBot.cpp">
      <Filter>AimBot</Filter>
    </ClCompile>
    <ClCompile Include="Sjz_ImGuiDraw.cpp">
      <Filter>源文件</Filter>
    </ClCompile>
    <ClCompile Include="HTTP\HttpRequest.cpp">
      <Filter>HTTP</Filter>
    </ClCompile>
  </ItemGroup>
  <ItemGroup>
    <ClInclude Include="base.h">
      <Filter>头文件</Filter>
    </ClInclude>
    <ClInclude Include="Engine.h">
      <Filter>头文件</Filter>
    </ClInclude>
    <ClInclude Include="ue4math\transform.h">
      <Filter>ue4math</Filter>
    </ClInclude>
    <ClInclude Include="ue4math\ue4math.h">
      <Filter>ue4math</Filter>
    </ClInclude>
    <ClInclude Include="ue4math\vector.h">
      <Filter>ue4math</Filter>
    </ClInclude>
    <ClInclude Include="ue4math\matrix.h">
      <Filter>ue4math</Filter>
    </ClInclude>
    <ClInclude Include="ue4math\quat.h">
      <Filter>ue4math</Filter>
    </ClInclude>
    <ClInclude Include="ue4math\rotator.h">
      <Filter>ue4math</Filter>
    </ClInclude>
    <ClInclude Include="MainThread.h">
      <Filter>头文件</Filter>
    </ClInclude>
    <ClInclude Include="Memory\Memory.h">
      <Filter>Memory</Filter>
    </ClInclude>
    <ClInclude Include="Constants.h">
      <Filter>头文件</Filter>
    </ClInclude>
    <ClInclude Include="Utils\FNVHash.h">
      <Filter>Utils</Filter>
    </ClInclude>
    <ClInclude Include="Utils\Utils.hpp">
      <Filter>Utils</Filter>
    </ClInclude>
    <ClInclude Include="Utils\VectorHelper.h">
      <Filter>Utils</Filter>
    </ClInclude>
    <ClInclude Include="Class.h">
      <Filter>头文件</Filter>
    </ClInclude>
    <ClInclude Include="Dx11\stb_image.h">
      <Filter>DX11</Filter>
    </ClInclude>
    <ClInclude Include="Dx11\ESP.h">
      <Filter>DX11</Filter>
    </ClInclude>
    <ClInclude Include="Dx11\HealthBar.h">
      <Filter>DX11</Filter>
    </ClInclude>
    <ClInclude Include="Dx11\RenderHelper.h">
      <Filter>DX11</Filter>
    </ClInclude>
    <ClInclude Include="MenuConfigs.hpp">
      <Filter>头文件</Filter>
    </ClInclude>
    <ClInclude Include="imgui.h">
      <Filter>ImGui</Filter>
    </ClInclude>
    <ClInclude Include="imgui_edited.hpp">
      <Filter>ImGui</Filter>
    </ClInclude>
    <ClInclude Include="imgui_freetype.h">
      <Filter>ImGui</Filter>
    </ClInclude>
    <ClInclude Include="imgui_internal.h">
      <Filter>ImGui</Filter>
    </ClInclude>
    <ClInclude Include="imgui_settings.h">
      <Filter>ImGui</Filter>
    </ClInclude>
    <ClInclude Include="imstb_rectpack.h">
      <Filter>ImGui</Filter>
    </ClInclude>
    <ClInclude Include="imstb_textedit.h">
      <Filter>ImGui</Filter>
    </ClInclude>
    <ClInclude Include="imstb_truetype.h">
      <Filter>ImGui</Filter>
    </ClInclude>
    <ClInclude Include="imconfig.h">
      <Filter>ImGui</Filter>
    </ClInclude>
    <ClInclude Include="backends\imgui_impl_dx11.h">
      <Filter>sources</Filter>
    </ClInclude>
    <ClInclude Include="backends\imgui_impl_win32.h">
      <Filter>sources</Filter>
    </ClInclude>
    <ClInclude Include="Dx11\Texture.h">
      <Filter>DX11</Filter>
    </ClInclude>
    <ClInclude Include="Menu\font.h">
      <Filter>Memory\Menu</Filter>
    </ClInclude>
    <ClInclude Include="Menu\Gui.h">
      <Filter>Memory\Menu</Filter>
    </ClInclude>
    <ClInclude Include="Menu\Menu.hpp">
      <Filter>Memory\Menu</Filter>
    </ClInclude>
    <ClInclude Include="Menu\textures.h">
      <Filter>Memory\Menu</Filter>
    </ClInclude>
    <ClInclude Include="Menu\segue_font.h">
      <Filter>Memory\Menu</Filter>
    </ClInclude>
    <ClInclude Include="AimBot\AimBot.h">
      <Filter>AimBot</Filter>
    </ClInclude>
    <ClInclude Include="Offsets.h">
      <Filter>头文件</Filter>
    </ClInclude>
    <ClInclude Include="Memory\Driver.h">
      <Filter>Memory</Filter>
    </ClInclude>
    <ClInclude Include="HTTP\HttpRequest.h">
      <Filter>HTTP</Filter>
    </ClInclude>
  </ItemGroup>
</Project>